<?xml version="1.0" encoding="utf-8"?>
<Project ToolsVersion="4.0" xmlns="http://schemas.microsoft.com/developer/msbuild/2003">
  <ItemGroup>
    <Filter Include="dataset">
      <UniqueIdentifier>{d5cde7cf-1284-469b-a26f-838ea444445e}</UniqueIdentifier>
    </Filter>
    <Filter Include="tools">
      <UniqueIdentifier>{d62054ea-1773-462a-98f2-8a8a17fd6fe5}</UniqueIdentifier>
    </Filter>
    <Filter Include="view">
      <UniqueIdentifier>{47155f91-7ff7-4fbc-857c-7451bf48ad17}</UniqueIdentifier>
    </Filter>
    <Filter Include="dataset\node">
      <UniqueIdentifier>{2709a87f-94cd-4096-8b74-29ca49b509c9}</UniqueIdentifier>
    </Filter>
    <Filter Include="dataset\pin">
      <UniqueIdentifier>{ad10958c-a670-4392-ac97-0a8ee2685b2f}</UniqueIdentifier>
    </Filter>
    <Filter Include="tools\eval">
      <UniqueIdentifier>{1cd1efa2-e7ce-4c06-a094-45d27d5c7f08}</UniqueIdentifier>
    </Filter>
    <Filter Include="tools\rtti">
      <UniqueIdentifier>{6e475dab-6f56-4056-8a4f-a8c7d81811c5}</UniqueIdentifier>
    </Filter>
    <Filter Include="tools\trans">
      <UniqueIdentifier>{c6f58659-8b54-4695-bfd7-2af3ac19e29f}</UniqueIdentifier>
    </Filter>
    <Filter Include="view\editor">
      <UniqueIdentifier>{ce1b53aa-cfd6-400f-a9ac-0e763661d6e3}</UniqueIdentifier>
    </Filter>
    <Filter Include="view\preview">
      <UniqueIdentifier>{26dc8f7d-4262-41e7-a9cd-b7d217315171}</UniqueIdentifier>
    </Filter>
    <Filter Include="view\toolbar">
      <UniqueIdentifier>{61af6f85-76c5-4928-8022-698600ad0dea}</UniqueIdentifier>
    </Filter>
  </ItemGroup>
  <ItemGroup>
    <ClInclude Include="..\..\..\include\tdv\PinType.h">
      <Filter>dataset\pin</Filter>
    </ClInclude>
    <ClInclude Include="..\..\..\include\tdv\PinCallback.h">
      <Filter>dataset\pin</Filter>
    </ClInclude>
    <ClInclude Include="..\..\..\include\tdv\Node.h">
      <Filter>dataset\node</Filter>
    </ClInclude>
    <ClInclude Include="..\..\..\include\tdv\node_def_gen.h">
      <Filter>tools\rtti</Filter>
    </ClInclude>
    <ClInclude Include="..\..\..\include\tdv\node_regist_cfg.h">
      <Filter>tools\rtti</Filter>
    </ClInclude>
    <ClInclude Include="..\..\..\include\tdv\node_rttr_gen.h">
      <Filter>tools\rtti</Filter>
    </ClInclude>
    <ClInclude Include="..\..\..\include\tdv\RegistNodes.h">
      <Filter>tools\rtti</Filter>
    </ClInclude>
    <ClInclude Include="..\..\..\include\tdv\WxGraphPage.h">
      <Filter>view\editor</Filter>
    </ClInclude>
    <ClInclude Include="..\..\..\include\tdv\WxToolbarPanel.h">
      <Filter>view\toolbar</Filter>
    </ClInclude>
    <ClInclude Include="..\..\..\include\tdv\PreviewPage.h">
      <Filter>view\preview</Filter>
    </ClInclude>
    <ClInclude Include="..\..\..\include\tdv\WxPreviewCanvas.h">
      <Filter>view\preview</Filter>
    </ClInclude>
    <ClInclude Include="..\..\..\include\tdv\Evaluator.h">
      <Filter>tools\eval</Filter>
    </ClInclude>
    <ClInclude Include="..\..\..\include\tdv\PreviewRender.h">
      <Filter>view\preview</Filter>
    </ClInclude>
    <ClInclude Include="..\..\..\include\tdv\PreviewBuilder.h">
      <Filter>tools\eval</Filter>
    </ClInclude>
    <ClInclude Include="..\..\..\include\tdv\TdAdapter.h">
      <Filter>tools\trans</Filter>
    </ClInclude>
    <ClInclude Include="..\..\..\include\tdv\NodePreview.h">
      <Filter>dataset\node</Filter>
    </ClInclude>
    <ClInclude Include="..\..\..\include\tdv\Blackboard.h">
      <Filter>tools</Filter>
    </ClInclude>
    <ClInclude Include="..\..\..\include\tdv\GraphEditOP.h">
      <Filter>view\editor</Filter>
    </ClInclude>
    <ClInclude Include="..\..\..\include\tdv\TDV.h" />
  </ItemGroup>
  <ItemGroup>
    <ClCompile Include="..\..\..\source\PinCallback.cpp">
      <Filter>dataset\pin</Filter>
    </ClCompile>
    <ClCompile Include="..\..\..\source\Node.cpp">
      <Filter>dataset\node</Filter>
    </ClCompile>
    <ClCompile Include="..\..\..\source\RegistNodes.cpp">
      <Filter>tools\rtti</Filter>
    </ClCompile>
    <ClCompile Include="..\..\..\source\RegistRTTR.cpp">
      <Filter>tools\rtti</Filter>
    </ClCompile>
    <ClCompile Include="..\..\..\source\WxGraphPage.cpp">
      <Filter>view\editor</Filter>
    </ClCompile>
    <ClCompile Include="..\..\..\source\WxToolbarPanel.cpp">
      <Filter>view\toolbar</Filter>
    </ClCompile>
    <ClCompile Include="..\..\..\source\PreviewPage.cpp">
      <Filter>view\preview</Filter>
    </ClCompile>
    <ClCompile Include="..\..\..\source\WxPreviewCanvas.cpp">
      <Filter>view\preview</Filter>
    </ClCompile>
    <ClCompile Include="..\..\..\source\Evaluator.cpp">
      <Filter>tools\eval</Filter>
    </ClCompile>
    <ClCompile Include="..\..\..\source\PreviewRender.cpp">
      <Filter>view\preview</Filter>
    </ClCompile>
    <ClCompile Include="..\..\..\source\PreviewBuilder.cpp">
      <Filter>tools\eval</Filter>
    </ClCompile>
    <ClCompile Include="..\..\..\source\TdAdapter.cpp">
      <Filter>tools\trans</Filter>
    </ClCompile>
    <ClCompile Include="..\..\..\source\NodePreview.cpp">
      <Filter>dataset\node</Filter>
    </ClCompile>
    <ClCompile Include="..\..\..\source\Blackboard.cpp">
      <Filter>tools</Filter>
    </ClCompile>
    <ClCompile Include="..\..\..\source\GraphEditOP.cpp">
      <Filter>view\editor</Filter>
    </ClCompile>
    <ClCompile Include="..\..\..\source\TDV.cpp" />
  </ItemGroup>
</Project>